<?xml version="1.0" encoding="utf-8"?>
<Project ToolsVersion="4.0" xmlns="http://schemas.microsoft.com/developer/msbuild/2003">
  <ItemGroup>
    <Filter Include="Common">
      <UniqueIdentifier>1350f3e2-faf4-4df8-ae61-66837e054612</UniqueIdentifier>
    </Filter>
    <Filter Include="Assets">
      <UniqueIdentifier>953a55ec-bc7f-44c9-b474-017f8c556606</UniqueIdentifier>
    </Filter>
    <Filter Include="Content">
      <UniqueIdentifier>41847667-0717-4898-8dbb-ea947b12a48b</UniqueIdentifier>
    </Filter>
    <ClInclude Include="Common\DirectXHelper.h">
      <Filter>Common</Filter>
    </ClInclude>
    <ClInclude Include="Common\StepTimer.h">
      <Filter>Common</Filter>
    </ClInclude>
    <Image Include="Assets\SplashScreen.png">
      <Filter>Assets</Filter>
    </Image>
    <Filter Include="Content\GameElements">
      <UniqueIdentifier>{9682ce60-9672-460a-8ae6-462656de99eb}</UniqueIdentifier>
    </Filter>
    <Filter Include="Content\Renderers">
      <UniqueIdentifier>{36f224ad-8ef8-46d6-9161-9c77541c6b2e}</UniqueIdentifier>
    </Filter>
  </ItemGroup>
  <ItemGroup>
    <ClCompile Include="App.cpp" />
    <ClCompile Include="SimpleSampleMain.cpp" />
    <ClCompile Include="pch.cpp" />
    <ClCompile Include="Common\DeviceResources.cpp">
      <Filter>Common</Filter>
    </ClCompile>
    <ClCompile Include="Common\InputManager.cpp">
      <Filter>Common</Filter>
    </ClCompile>
    <ClCompile Include="Common\OverlayManager.cpp">
      <Filter>Common</Filter>
    </ClCompile>
    <ClCompile Include="Content\DirectXTK3DSceneRenderer.cpp">
      <Filter>Content\Renderers</Filter>
    </ClCompile>
    <ClCompile Include="Content\SampleDebugTextRenderer.cpp">
      <Filter>Content\Renderers</Filter>
    </ClCompile>
    <ClCompile Include="Content\SampleVirtualControllerRenderer.cpp">
      <Filter>Content\Renderers</Filter>
    </ClCompile>
  </ItemGroup>
  <ItemGroup>
    <ClInclude Include="SimpleSampleMain.h" />
    <ClInclude Include="pch.h" />
    <ClInclude Include="Common\DeviceResources.h">
      <Filter>Common</Filter>
    </ClInclude>
    <ClInclude Include="Common\InputManager.h">
      <Filter>Common</Filter>
    </ClInclude>
    <ClInclude Include="Common\OverlayManager.h">
      <Filter>Common</Filter>
    </ClInclude>
    <ClInclude Include="ToDo.h" />
    <ClInclude Include="App.h" />
    <ClInclude Include="Content\AnimatedTexture.h">
      <Filter>Content\GameElements</Filter>
    </ClInclude>
    <ClInclude Include="Bonus.h">
      <Filter>Content\GameElements</Filter>
    </ClInclude>
    <ClInclude Include="Brick.h">
      <Filter>Content\GameElements</Filter>
    </ClInclude>
    <ClInclude Include="Button.h">
      <Filter>Content\GameElements</Filter>
    </ClInclude>
    <ClInclude Include="Enemy.h">
      <Filter>Content\GameElements</Filter>
    </ClInclude>
    <ClInclude Include="Game.h">
      <Filter>Content\GameElements</Filter>
    </ClInclude>
    <ClInclude Include="Map.h">
      <Filter>Content\GameElements</Filter>
    </ClInclude>
    <ClInclude Include="Person.h">
      <Filter>Content\GameElements</Filter>
    </ClInclude>
    <ClInclude Include="Player.h">
      <Filter>Content\GameElements</Filter>
    </ClInclude>
    <ClInclude Include="Screen.h">
      <Filter>Content\GameElements</Filter>
    </ClInclude>
    <ClInclude Include="ScreenManager.h">
      <Filter>Content\GameElements</Filter>
    </ClInclude>
    <ClInclude Include="Content\ScrollingBackground.h">
      <Filter>Content\GameElements</Filter>
    </ClInclude>
    <ClInclude Include="Skill.h">
      <Filter>Content\GameElements</Filter>
    </ClInclude>
    <ClInclude Include="TextButton.h">
      <Filter>Content\GameElements</Filter>
    </ClInclude>
    <ClInclude Include="Wall.h">
      <Filter>Content\GameElements</Filter>
    </ClInclude>
    <ClInclude Include="Content\DirectXTK3DSceneRenderer.h">
      <Filter>Content\Renderers</Filter>
    </ClInclude>
    <ClInclude Include="Content\SampleDebugTextRenderer.h">
      <Filter>Content\Renderers</Filter>
    </ClInclude>
    <ClInclude Include="Content\SampleVirtualControllerRenderer.h">
      <Filter>Content\Renderers</Filter>
    </ClInclude>
    <ClInclude Include="Shot.h">
      <Filter>Content\GameElements</Filter>
    </ClInclude>
    <ClInclude Include="resource.h" />
  </ItemGroup>
  <ItemGroup>
    <AppxManifest Include="Package.appxmanifest" />
  </ItemGroup>
  <ItemGroup>
    <None Include="Assets\italic.spritefont">
      <Filter>Assets</Filter>
    </None>
    <None Include="Assets\tiny.sdkmesh">
      <Filter>Assets</Filter>
    </None>
    <None Include="Assets\ADPCMdroid.xwb">
      <Filter>Assets</Filter>
    </None>
    <None Include="SimpleSample_TemporaryKey.pfx" />
    <None Include="Assets\myfile.spritefont">
      <Filter>Assets</Filter>
    </None>
  </ItemGroup>
  <ItemGroup>
    <Image Include="Assets\seafloor.dds">
      <Filter>Assets</Filter>
    </Image>
    <Image Include="Assets\Tiny_skin.dds">
      <Filter>Assets</Filter>
    </Image>
    <Image Include="Assets\windowslogo.dds">
      <Filter>Assets</Filter>
    </Image>
    <Image Include="Assets\background.dds">
      <Filter>Assets</Filter>
    </Image>
    <Image Include="Assets\cloud.dds">
      <Filter>Assets</Filter>
    </Image>
    <Image Include="Assets\cloud2.dds">
      <Filter>Assets</Filter>
    </Image>
    <Image Include="Assets\clouds.dds">
      <Filter>Assets</Filter>
    </Image>
    <Image Include="Assets\clouds2.dds">
      <Filter>Assets</Filter>
    </Image>
    <Image Include="Assets\pipe.dds">
      <Filter>Assets</Filter>
    </Image>
    <Image Include="Assets\pipe.png">
      <Filter>Assets</Filter>
    </Image>
    <Image Include="Assets\shipanimated.dds">
      <Filter>Assets</Filter>
    </Image>
    <Image Include="Assets\SmallLogo.dds">
      <Filter>Assets</Filter>
    </Image>
    <Image Include="Assets\enemyanimated.dds">
      <Filter>Assets</Filter>
    </Image>
    <Image Include="Assets\shipanimated1.dds">
      <Filter>Assets</Filter>
    </Image>
    <Image Include="Assets\StoreLogo.scale-100.png">
      <Filter>Assets</Filter>
    </Image>
    <Image Include="Assets\SmallLogo.scale-100.png">
      <Filter>Assets</Filter>
    </Image>
    <Image Include="Assets\Square44x44Logo.scale-150.png">
      <Filter>Assets</Filter>
    </Image>
    <Image Include="Assets\Logo.scale-100.png">
      <Filter>Assets</Filter>
    </Image>
    <Image Include="Assets\button.dds">
      <Filter>Assets</Filter>
    </Image>
    <Image Include="Assets\brick.dds">
      <Filter>Assets</Filter>
    </Image>
    <Image Include="Assets\brick2.dds">
      <Filter>Assets</Filter>
    </Image>
    <Image Include="Assets\player.dds">
      <Filter>Assets</Filter>
    </Image>
    <Image Include="Assets\person.dds">
      <Filter>Assets</Filter>
    </Image>
    <Image Include="Assets\bonus.dds">
      <Filter>Assets</Filter>
    </Image>
    <Image Include="Assets\enemy.dds">
      <Filter>Assets</Filter>
    </Image>
    <Image Include="Assets\shot.dds">
      <Filter>Assets</Filter>
    </Image>
    <Image Include="Assets\enemy.png">
      <Filter>Assets</Filter>
    </Image>
    <Image Include="Assets\person.png">
      <Filter>Assets</Filter>
    </Image>
  </ItemGroup>
  <ItemGroup>
    <Media Include="Assets\musicmono_adpcm.wav">
      <Filter>Assets</Filter>
    </Media>
  </ItemGroup>
  <ItemGroup>
    <ResourceCompile Include="SimpleSample.rc" />
  </ItemGroup>
</Project>